# THIS IS AN AUTOGENERATED FILE. DO NOT EDIT THIS FILE DIRECTLY.
# yarn lockfile v1


ow@^0.17.0:
  version "0.17.0"
  resolved "https://registry.yarnpkg.com/ow/-/ow-0.17.0.tgz#4f938999fed6264c9048cd6254356e0f1e7f688c"
  integrity sha512-i3keDzDQP5lWIe4oODyDFey1qVrq2hXKTuTH2VpqwpYtzPiKZt2ziRI4NBQmgW40AnV5Euz17OyWweCb+bNEQA==
  dependencies:
    type-fest "^0.11.0"

type-fest@^0.11.0:
  version "0.11.0"
  resolved "https://registry.yarnpkg.com/type-fest/-/type-fest-0.11.0.tgz#97abf0872310fed88a5c466b25681576145e33f1"
  integrity sha512-OdjXJxnCN1AvyLSzeKIgXTXxV+99ZuXl3Hpo9XpJAv9MBcHrrJOQ5kV7ypXOuQie+AmWG25hLbiKdwYTifzcfQ==
